{
    "_meta": {
        "hash": {
            "sha256": "a9887a4bf85eb7671e0e53de057ccc0600fde3c86edcaf52fd39adc1f33396d5"
        },
        "pipfile-spec": 6,
        "requires": {
            "python_version": "3.9"
        },
        "sources": [
            {
                "name": "pypi",
                "url": "https://pypi.org/simple",
                "verify_ssl": true
            }
        ]
    },
    "default": {},
    "develop": {}
}
